Microsoft Visual Studio Solution File, Format Version 7.00
Project("{FAE04EC0-301F-11D3-BF4B-00C04F79EFBC}") = "smartRestaurant", "smartRestaurant.csproj", "{C15789FF-BE4F-4957-94AF-DEACD3B7F818}"
EndProject
Project("{FAE04EC0-301F-11D3-BF4B-00C04F79EFBC}") = "smartService", "http://localhost/smartService/smartService.csproj", "{5340FA3D-EC45-4432-844B-2A8E3AA92E62}"
EndProject
Project("{54435603-DBB4-11D2-8724-00A0C9A8B90C}") = "smartRestaurantInstaller", "..\smartRestaurantInstaller\smartRestaurantInstaller.vdproj", "{CE69A3F6-2999-415A-9523-DE9C1E664572}"
EndProject
Project("{54435603-DBB4-11D2-8724-00A0C9A8B90C}") = "smartServiceInstaller", "..\smartServiceInstaller\smartServiceInstaller.vdproj", "{F67CEF95-D465-4C51-8D3C-F7CD9CCDCD21}"
EndProject
Global
	GlobalSection(SolutionConfiguration) = preSolution
		ConfigName.0 = Debug
		ConfigName.1 = Release
	EndGlobalSection
	GlobalSection(ProjectDependencies) = postSolution
	EndGlobalSection
	GlobalSection(ProjectConfiguration) = postSolution
		{C15789FF-BE4F-4957-94AF-DEACD3B7F818}.Debug.ActiveCfg = Debug|.NET
		{C15789FF-BE4F-4957-94AF-DEACD3B7F818}.Debug.Build.0 = Debug|.NET
		{C15789FF-BE4F-4957-94AF-DEACD3B7F818}.Release.ActiveCfg = Release|.NET
		{C15789FF-BE4F-4957-94AF-DEACD3B7F818}.Release.Build.0 = Release|.NET
		{5340FA3D-EC45-4432-844B-2A8E3AA92E62}.Debug.ActiveCfg = Debug|.NET
		{5340FA3D-EC45-4432-844B-2A8E3AA92E62}.Debug.Build.0 = Debug|.NET
		{5340FA3D-EC45-4432-844B-2A8E3AA92E62}.Release.ActiveCfg = Release|.NET
		{5340FA3D-EC45-4432-844B-2A8E3AA92E62}.Release.Build.0 = Release|.NET
		{CE69A3F6-2999-415A-9523-DE9C1E664572}.Debug.ActiveCfg = Debug
		{CE69A3F6-2999-415A-9523-DE9C1E664572}.Release.ActiveCfg = Release
		{F67CEF95-D465-4C51-8D3C-F7CD9CCDCD21}.Debug.ActiveCfg = Debug
		{F67CEF95-D465-4C51-8D3C-F7CD9CCDCD21}.Release.ActiveCfg = Release
	EndGlobalSection
	GlobalSection(ExtensibilityGlobals) = postSolution
	EndGlobalSection
	GlobalSection(ExtensibilityAddIns) = postSolution
	EndGlobalSection
EndGlobal
